
Microsoft Visual Studio Solution File, Format Version 12.00
# Visual Studio 15
VisualStudioVersion = 15.0.27130.2010
MinimumVisualStudioVersion = 10.0.40219.1
Project("{FAE04EC0-301F-11D3-BF4B-00C04F79EFBC}") = "Plugin_BrowserExploitKit", "Plugin_BrowserExploitKit\Plugin_BrowserExploitKit.csproj", "{8FF31C47-6E0D-4C28-9569-1251475C02CA}"
EndProject
Project("{FAE04EC0-301F-11D3-BF4B-00C04F79EFBC}") = "Plugin_DnsPoisoning", "Plugin_DnsPoisoning\Plugin_DnsPoisoning.csproj", "{38988610-F24B-4D5D-A51C-883629D197EE}"
EndProject
Project("{FAE04EC0-301F-11D3-BF4B-00C04F79EFBC}") = "Plugin_DnsRequests", "Plugin_DnsRequests\Plugin_DnsRequests.csproj", "{ED75AD9C-F1D0-40A9-A909-8CF696DE0410}"
EndProject
Project("{FAE04EC0-301F-11D3-BF4B-00C04F79EFBC}") = "Plugin_Firewall", "Plugin_Firewall\Plugin_Firewall.csproj", "{C8587602-0BE2-4D57-8A1D-1EBCDD5878B6}"
EndProject
Project("{FAE04EC0-301F-11D3-BF4B-00C04F79EFBC}") = "Plugin_HttpHostMapping", "Plugin_HttpHostMapping\Plugin_HttpHostMapping.csproj", "{B820AFCE-2B60-4A57-A290-BF7D8A457EDD}"
EndProject
Project("{FAE04EC0-301F-11D3-BF4B-00C04F79EFBC}") = "Plugin_HttpInjectCode", "Plugin_HttpInjectCode\Plugin_HttpInjectCode.csproj", "{C85DD621-0742-4774-80DA-C1912BCFFA8E}"
EndProject
Project("{FAE04EC0-301F-11D3-BF4B-00C04F79EFBC}") = "Plugin_HttpInjectFile", "Plugin_HttpInjectFile\Plugin_HttpInjectFile.csproj", "{F9BD58B9-646E-4AD1-B072-9D8BEB876E93}"
EndProject
Project("{FAE04EC0-301F-11D3-BF4B-00C04F79EFBC}") = "Plugin_HttpRequestRedirect", "Plugin_HttpRequestRedirect\Plugin_HttpRequestRedirect.csproj", "{8AE47684-3371-4CB3-AA73-A7E5CC6570CB}"
EndProject
Project("{FAE04EC0-301F-11D3-BF4B-00C04F79EFBC}") = "Plugin_HttpRequests", "Plugin_HttpRequests\Plugin_HttpRequests.csproj", "{72A87F34-68CE-430A-8047-970E5EEDDD81}"
EndProject
Project("{FAE04EC0-301F-11D3-BF4B-00C04F79EFBC}") = "Plugin_SslStrip", "Plugin_SslStrip\Plugin_SslStrip.csproj", "{3639690A-4D81-4085-BD25-27EBB4CB33A3}"
EndProject
Project("{FAE04EC0-301F-11D3-BF4B-00C04F79EFBC}") = "Plugin_Systems", "Plugin_Systems\Plugin_Systems.csproj", "{32D8CB30-CA97-4516-9114-121667C06013}"
EndProject
Project("{FAE04EC0-301F-11D3-BF4B-00C04F79EFBC}") = "Plugin_HttpSearch", "Plugin_HttpSearch\Plugin_HttpSearch.csproj", "{101A5303-08E7-4FF7-B31F-2C9D1FDCFCB8}"
EndProject
Project("{FAE04EC0-301F-11D3-BF4B-00C04F79EFBC}") = "PluginTest", "PluginTest\PluginTest.csproj", "{78F45849-4724-49C9-85CB-3482B38C97D1}"
EndProject
Project("{FAE04EC0-301F-11D3-BF4B-00C04F79EFBC}") = "Plugin_HttpSearchTests", "Plugin_HttpSearchTests\Plugin_HttpSearchTests.csproj", "{31EFF1F3-EEE6-4252-B74B-0E47CEB18559}"
EndProject
Project("{2150E333-8FDC-42A3-9474-1A3956D46DE8}") = "Tests", "Tests", "{25E3EA81-87C8-4C6D-8BB7-F3A861C83601}"
EndProject
Global
	GlobalSection(SolutionConfigurationPlatforms) = preSolution
		Debug|Any CPU = Debug|Any CPU
		Debug|x86 = Debug|x86
		Release|Any CPU = Release|Any CPU
		Release|x86 = Release|x86
	EndGlobalSection
	GlobalSection(ProjectConfigurationPlatforms) = postSolution
		{8FF31C47-6E0D-4C28-9569-1251475C02CA}.Debug|Any CPU.ActiveCfg = Debug|Any CPU
		{8FF31C47-6E0D-4C28-9569-1251475C02CA}.Debug|Any CPU.Build.0 = Debug|Any CPU
		{8FF31C47-6E0D-4C28-9569-1251475C02CA}.Debug|x86.ActiveCfg = Debug|Any CPU
		{8FF31C47-6E0D-4C28-9569-1251475C02CA}.Debug|x86.Build.0 = Debug|Any CPU
		{8FF31C47-6E0D-4C28-9569-1251475C02CA}.Release|Any CPU.ActiveCfg = Release|Any CPU
		{8FF31C47-6E0D-4C28-9569-1251475C02CA}.Release|Any CPU.Build.0 = Release|Any CPU
		{8FF31C47-6E0D-4C28-9569-1251475C02CA}.Release|x86.ActiveCfg = Release|Any CPU
		{8FF31C47-6E0D-4C28-9569-1251475C02CA}.Release|x86.Build.0 = Release|Any CPU
		{38988610-F24B-4D5D-A51C-883629D197EE}.Debug|Any CPU.ActiveCfg = Debug|Any CPU
		{38988610-F24B-4D5D-A51C-883629D197EE}.Debug|Any CPU.Build.0 = Debug|Any CPU
		{38988610-F24B-4D5D-A51C-883629D197EE}.Debug|x86.ActiveCfg = Debug|Any CPU
		{38988610-F24B-4D5D-A51C-883629D197EE}.Debug|x86.Build.0 = Debug|Any CPU
		{38988610-F24B-4D5D-A51C-883629D197EE}.Release|Any CPU.ActiveCfg = Release|Any CPU
		{38988610-F24B-4D5D-A51C-883629D197EE}.Release|Any CPU.Build.0 = Release|Any CPU
		{38988610-F24B-4D5D-A51C-883629D197EE}.Release|x86.ActiveCfg = Release|Any CPU
		{38988610-F24B-4D5D-A51C-883629D197EE}.Release|x86.Build.0 = Release|Any CPU
		{ED75AD9C-F1D0-40A9-A909-8CF696DE0410}.Debug|Any CPU.ActiveCfg = Debug|Any CPU
		{ED75AD9C-F1D0-40A9-A909-8CF696DE0410}.Debug|Any CPU.Build.0 = Debug|Any CPU
		{ED75AD9C-F1D0-40A9-A909-8CF696DE0410}.Debug|x86.ActiveCfg = Debug|x86
		{ED75AD9C-F1D0-40A9-A909-8CF696DE0410}.Debug|x86.Build.0 = Debug|x86
		{ED75AD9C-F1D0-40A9-A909-8CF696DE0410}.Release|Any CPU.ActiveCfg = Release|Any CPU
		{ED75AD9C-F1D0-40A9-A909-8CF696DE0410}.Release|Any CPU.Build.0 = Release|Any CPU
		{ED75AD9C-F1D0-40A9-A909-8CF696DE0410}.Release|x86.ActiveCfg = Release|x86
		{ED75AD9C-F1D0-40A9-A909-8CF696DE0410}.Release|x86.Build.0 = Release|x86
		{C8587602-0BE2-4D57-8A1D-1EBCDD5878B6}.Debug|Any CPU.ActiveCfg = Debug|Any CPU
		{C8587602-0BE2-4D57-8A1D-1EBCDD5878B6}.Debug|Any CPU.Build.0 = Debug|Any CPU
		{C8587602-0BE2-4D57-8A1D-1EBCDD5878B6}.Debug|x86.ActiveCfg = Debug|x86
		{C8587602-0BE2-4D57-8A1D-1EBCDD5878B6}.Debug|x86.Build.0 = Debug|x86
		{C8587602-0BE2-4D57-8A1D-1EBCDD5878B6}.Release|Any CPU.ActiveCfg = Release|Any CPU
		{C8587602-0BE2-4D57-8A1D-1EBCDD5878B6}.Release|Any CPU.Build.0 = Release|Any CPU
		{C8587602-0BE2-4D57-8A1D-1EBCDD5878B6}.Release|x86.ActiveCfg = Release|x86
		{C8587602-0BE2-4D57-8A1D-1EBCDD5878B6}.Release|x86.Build.0 = Release|x86
		{B820AFCE-2B60-4A57-A290-BF7D8A457EDD}.Debug|Any CPU.ActiveCfg = Debug|Any CPU
		{B820AFCE-2B60-4A57-A290-BF7D8A457EDD}.Debug|Any CPU.Build.0 = Debug|Any CPU
		{B820AFCE-2B60-4A57-A290-BF7D8A457EDD}.Debug|x86.ActiveCfg = Debug|Any CPU
		{B820AFCE-2B60-4A57-A290-BF7D8A457EDD}.Debug|x86.Build.0 = Debug|Any CPU
		{B820AFCE-2B60-4A57-A290-BF7D8A457EDD}.Release|Any CPU.ActiveCfg = Release|Any CPU
		{B820AFCE-2B60-4A57-A290-BF7D8A457EDD}.Release|Any CPU.Build.0 = Release|Any CPU
		{B820AFCE-2B60-4A57-A290-BF7D8A457EDD}.Release|x86.ActiveCfg = Release|Any CPU
		{B820AFCE-2B60-4A57-A290-BF7D8A457EDD}.Release|x86.Build.0 = Release|Any CPU
		{C85DD621-0742-4774-80DA-C1912BCFFA8E}.Debug|Any CPU.ActiveCfg = Debug|Any CPU
		{C85DD621-0742-4774-80DA-C1912BCFFA8E}.Debug|Any CPU.Build.0 = Debug|Any CPU
		{C85DD621-0742-4774-80DA-C1912BCFFA8E}.Debug|x86.ActiveCfg = Debug|Any CPU
		{C85DD621-0742-4774-80DA-C1912BCFFA8E}.Debug|x86.Build.0 = Debug|Any CPU
		{C85DD621-0742-4774-80DA-C1912BCFFA8E}.Release|Any CPU.ActiveCfg = Release|Any CPU
		{C85DD621-0742-4774-80DA-C1912BCFFA8E}.Release|Any CPU.Build.0 = Release|Any CPU
		{C85DD621-0742-4774-80DA-C1912BCFFA8E}.Release|x86.ActiveCfg = Release|Any CPU
		{C85DD621-0742-4774-80DA-C1912BCFFA8E}.Release|x86.Build.0 = Release|Any CPU
		{F9BD58B9-646E-4AD1-B072-9D8BEB876E93}.Debug|Any CPU.ActiveCfg = Debug|Any CPU
		{F9BD58B9-646E-4AD1-B072-9D8BEB876E93}.Debug|Any CPU.Build.0 = Debug|Any CPU
		{F9BD58B9-646E-4AD1-B072-9D8BEB876E93}.Debug|x86.ActiveCfg = Debug|Any CPU
		{F9BD58B9-646E-4AD1-B072-9D8BEB876E93}.Debug|x86.Build.0 = Debug|Any CPU
		{F9BD58B9-646E-4AD1-B072-9D8BEB876E93}.Release|Any CPU.ActiveCfg = Release|Any CPU
		{F9BD58B9-646E-4AD1-B072-9D8BEB876E93}.Release|Any CPU.Build.0 = Release|Any CPU
		{F9BD58B9-646E-4AD1-B072-9D8BEB876E93}.Release|x86.ActiveCfg = Release|Any CPU
		{F9BD58B9-646E-4AD1-B072-9D8BEB876E93}.Release|x86.Build.0 = Release|Any CPU
		{8AE47684-3371-4CB3-AA73-A7E5CC6570CB}.Debug|Any CPU.ActiveCfg = Debug|Any CPU
		{8AE47684-3371-4CB3-AA73-A7E5CC6570CB}.Debug|Any CPU.Build.0 = Debug|Any CPU
		{8AE47684-3371-4CB3-AA73-A7E5CC6570CB}.Debug|x86.ActiveCfg = Debug|Any CPU
		{8AE47684-3371-4CB3-AA73-A7E5CC6570CB}.Debug|x86.Build.0 = Debug|Any CPU
		{8AE47684-3371-4CB3-AA73-A7E5CC6570CB}.Release|Any CPU.ActiveCfg = Release|Any CPU
		{8AE47684-3371-4CB3-AA73-A7E5CC6570CB}.Release|Any CPU.Build.0 = Release|Any CPU
		{8AE47684-3371-4CB3-AA73-A7E5CC6570CB}.Release|x86.ActiveCfg = Release|Any CPU
		{8AE47684-3371-4CB3-AA73-A7E5CC6570CB}.Release|x86.Build.0 = Release|Any CPU
		{72A87F34-68CE-430A-8047-970E5EEDDD81}.Debug|Any CPU.ActiveCfg = Debug|Any CPU
		{72A87F34-68CE-430A-8047-970E5EEDDD81}.Debug|Any CPU.Build.0 = Debug|Any CPU
		{72A87F34-68CE-430A-8047-970E5EEDDD81}.Debug|x86.ActiveCfg = Debug|Any CPU
		{72A87F34-68CE-430A-8047-970E5EEDDD81}.Debug|x86.Build.0 = Debug|Any CPU
		{72A87F34-68CE-430A-8047-970E5EEDDD81}.Release|Any CPU.ActiveCfg = Release|Any CPU
		{72A87F34-68CE-430A-8047-970E5EEDDD81}.Release|Any CPU.Build.0 = Release|Any CPU
		{72A87F34-68CE-430A-8047-970E5EEDDD81}.Release|x86.ActiveCfg = Release|Any CPU
		{72A87F34-68CE-430A-8047-970E5EEDDD81}.Release|x86.Build.0 = Release|Any CPU
		{3639690A-4D81-4085-BD25-27EBB4CB33A3}.Debug|Any CPU.ActiveCfg = Debug|Any CPU
		{3639690A-4D81-4085-BD25-27EBB4CB33A3}.Debug|Any CPU.Build.0 = Debug|Any CPU
		{3639690A-4D81-4085-BD25-27EBB4CB33A3}.Debug|x86.ActiveCfg = Debug|Any CPU
		{3639690A-4D81-4085-BD25-27EBB4CB33A3}.Debug|x86.Build.0 = Debug|Any CPU
		{3639690A-4D81-4085-BD25-27EBB4CB33A3}.Release|Any CPU.ActiveCfg = Release|Any CPU
		{3639690A-4D81-4085-BD25-27EBB4CB33A3}.Release|Any CPU.Build.0 = Release|Any CPU
		{3639690A-4D81-4085-BD25-27EBB4CB33A3}.Release|x86.ActiveCfg = Release|Any CPU
		{3639690A-4D81-4085-BD25-27EBB4CB33A3}.Release|x86.Build.0 = Release|Any CPU
		{32D8CB30-CA97-4516-9114-121667C06013}.Debug|Any CPU.ActiveCfg = Debug|Any CPU
		{32D8CB30-CA97-4516-9114-121667C06013}.Debug|Any CPU.Build.0 = Debug|Any CPU
		{32D8CB30-CA97-4516-9114-121667C06013}.Debug|x86.ActiveCfg = Debug|Any CPU
		{32D8CB30-CA97-4516-9114-121667C06013}.Debug|x86.Build.0 = Debug|Any CPU
		{32D8CB30-CA97-4516-9114-121667C06013}.Release|Any CPU.ActiveCfg = Release|Any CPU
		{32D8CB30-CA97-4516-9114-121667C06013}.Release|Any CPU.Build.0 = Release|Any CPU
		{32D8CB30-CA97-4516-9114-121667C06013}.Release|x86.ActiveCfg = Release|Any CPU
		{32D8CB30-CA97-4516-9114-121667C06013}.Release|x86.Build.0 = Release|Any CPU
		{101A5303-08E7-4FF7-B31F-2C9D1FDCFCB8}.Debug|Any CPU.ActiveCfg = Debug|Any CPU
		{101A5303-08E7-4FF7-B31F-2C9D1FDCFCB8}.Debug|Any CPU.Build.0 = Debug|Any CPU
		{101A5303-08E7-4FF7-B31F-2C9D1FDCFCB8}.Debug|x86.ActiveCfg = Debug|Any CPU
		{101A5303-08E7-4FF7-B31F-2C9D1FDCFCB8}.Debug|x86.Build.0 = Debug|Any CPU
		{101A5303-08E7-4FF7-B31F-2C9D1FDCFCB8}.Release|Any CPU.ActiveCfg = Release|Any CPU
		{101A5303-08E7-4FF7-B31F-2C9D1FDCFCB8}.Release|Any CPU.Build.0 = Release|Any CPU
		{101A5303-08E7-4FF7-B31F-2C9D1FDCFCB8}.Release|x86.ActiveCfg = Release|Any CPU
		{101A5303-08E7-4FF7-B31F-2C9D1FDCFCB8}.Release|x86.Build.0 = Release|Any CPU
		{78F45849-4724-49C9-85CB-3482B38C97D1}.Debug|Any CPU.ActiveCfg = Debug|Any CPU
		{78F45849-4724-49C9-85CB-3482B38C97D1}.Debug|Any CPU.Build.0 = Debug|Any CPU
		{78F45849-4724-49C9-85CB-3482B38C97D1}.Debug|x86.ActiveCfg = Debug|Any CPU
		{78F45849-4724-49C9-85CB-3482B38C97D1}.Debug|x86.Build.0 = Debug|Any CPU
		{78F45849-4724-49C9-85CB-3482B38C97D1}.Release|Any CPU.ActiveCfg = Release|Any CPU
		{78F45849-4724-49C9-85CB-3482B38C97D1}.Release|Any CPU.Build.0 = Release|Any CPU
		{78F45849-4724-49C9-85CB-3482B38C97D1}.Release|x86.ActiveCfg = Release|Any CPU
		{78F45849-4724-49C9-85CB-3482B38C97D1}.Release|x86.Build.0 = Release|Any CPU
		{31EFF1F3-EEE6-4252-B74B-0E47CEB18559}.Debug|Any CPU.ActiveCfg = Debug|Any CPU
		{31EFF1F3-EEE6-4252-B74B-0E47CEB18559}.Debug|Any CPU.Build.0 = Debug|Any CPU
		{31EFF1F3-EEE6-4252-B74B-0E47CEB18559}.Debug|x86.ActiveCfg = Debug|Any CPU
		{31EFF1F3-EEE6-4252-B74B-0E47CEB18559}.Debug|x86.Build.0 = Debug|Any CPU
		{31EFF1F3-EEE6-4252-B74B-0E47CEB18559}.Release|Any CPU.ActiveCfg = Release|Any CPU
		{31EFF1F3-EEE6-4252-B74B-0E47CEB18559}.Release|Any CPU.Build.0 = Release|Any CPU
		{31EFF1F3-EEE6-4252-B74B-0E47CEB18559}.Release|x86.ActiveCfg = Release|Any CPU
		{31EFF1F3-EEE6-4252-B74B-0E47CEB18559}.Release|x86.Build.0 = Release|Any CPU
	EndGlobalSection
	GlobalSection(SolutionProperties) = preSolution
		HideSolutionNode = FALSE
	EndGlobalSection
	GlobalSection(NestedProjects) = preSolution
		{31EFF1F3-EEE6-4252-B74B-0E47CEB18559} = {25E3EA81-87C8-4C6D-8BB7-F3A861C83601}
	EndGlobalSection
	GlobalSection(ExtensibilityGlobals) = postSolution
		SolutionGuid = {567BA06B-7FD8-49D6-AFE4-BE2150BE8AC6}
	EndGlobalSection
EndGlobal
